// !$*UTF8*$!
{
	archiveVersion = 1;
	classes = {
	};
	objectVersion = 56;
	objects = {

/* Begin PBXBuildFile section */
		582D308F2C1DBCD100CE4044 /* AppDelegate.swift in Sources */ = {isa = PBXBuildFile; fileRef = 582D308E2C1DBCD100CE4044 /* AppDelegate.swift */; };
		582D30912C1DBCD100CE4044 /* SceneDelegate.swift in Sources */ = {isa = PBXBuildFile; fileRef = 582D30902C1DBCD100CE4044 /* SceneDelegate.swift */; };
		582D30932C1DBCD100CE4044 /* ViewController.swift in Sources */ = {isa = PBXBuildFile; fileRef = 582D30922C1DBCD100CE4044 /* ViewController.swift */; };
		582D30962C1DBCD100CE4044 /* Base in Resources */ = {isa = PBXBuildFile; fileRef = 582D30952C1DBCD100CE4044 /* Base */; };
		582D30982C1DBCD300CE4044 /* Assets.xcassets in Resources */ = {isa = PBXBuildFile; fileRef = 582D30972C1DBCD300CE4044 /* Assets.xcassets */; };
		582D309B2C1DBCD300CE4044 /* Base in Resources */ = {isa = PBXBuildFile; fileRef = 582D309A2C1DBCD300CE4044 /* Base */; };
		582D30A62C1DBCD300CE4044 /* CounterTests.swift in Sources */ = {isa = PBXBuildFile; fileRef = 582D30A52C1DBCD300CE4044 /* CounterTests.swift */; };
		582D30B02C1DBCD300CE4044 /* CounterUITests.swift in Sources */ = {isa = PBXBuildFile; fileRef = 582D30AF2C1DBCD300CE4044 /* CounterUITests.swift */; };
		582D30B22C1DBCD300CE4044 /* CounterUITestsLaunchTests.swift in Sources */ = {isa = PBXBuildFile; fileRef = 582D30B12C1DBCD300CE4044 /* CounterUITestsLaunchTests.swift */; };
/* End PBXBuildFile section */

/* Begin PBXContainerItemProxy section */
		582D30A22C1DBCD300CE4044 /* PBXContainerItemProxy */ = {
			isa = PBXContainerItemProxy;
			containerPortal = 582D30832C1DBCD100CE4044 /* Project object */;
			proxyType = 1;
			remoteGlobalIDString = 582D308A2C1DBCD100CE4044;
			remoteInfo = Counter;
		};
		582D30AC2C1DBCD300CE4044 /* PBXContainerItemProxy */ = {
			isa = PBXContainerItemProxy;
			containerPortal = 582D30832C1DBCD100CE4044 /* Project object */;
			proxyType = 1;
			remoteGlobalIDString = 582D308A2C1DBCD100CE4044;
			remoteInfo = Counter;
		};
/* End PBXContainerItemProxy section */

/* Begin PBXFileReference section */
		582D308B2C1DBCD100CE4044 /* Counter.app */ = {isa = PBXFileReference; explicitFileType = wrapper.application; includeInIndex = 0; path = Counter.app; sourceTree = BUILT_PRODUCTS_DIR; };
		582D308E2C1DBCD100CE4044 /* AppDelegate.swift */ = {isa = PBXFileReference; lastKnownFileType = sourcecode.swift; path = AppDelegate.swift; sourceTree = "<group>"; };
		582D30902C1DBCD100CE4044 /* SceneDelegate.swift */ = {isa = PBXFileReference; lastKnownFileType = sourcecode.swift; path = SceneDelegate.swift; sourceTree = "<group>"; };
		582D30922C1DBCD100CE4044 /* ViewController.swift */ = {isa = PBXFileReference; lastKnownFileType = sourcecode.swift; path = ViewController.swift; sourceTree = "<group>"; };
		582D30952C1DBCD100CE4044 /* Base */ = {isa = PBXFileReference; lastKnownFileType = file.storyboard; name = Base; path = Base.lproj/Main.storyboard; sourceTree = "<group>"; };
		582D30972C1DBCD300CE4044 /* Assets.xcassets */ = {isa = PBXFileReference; lastKnownFileType = folder.assetcatalog; path = Assets.xcassets; sourceTree = "<group>"; };
		582D309A2C1DBCD300CE4044 /* Base */ = {isa = PBXFileReference; lastKnownFileType = file.storyboard; name = Base; path = Base.lproj/LaunchScreen.storyboard; sourceTree = "<group>"; };
		582D309C2C1DBCD300CE4044 /* Info.plist */ = {isa = PBXFileReference; lastKnownFileType = text.plist.xml; path = Info.plist; sourceTree = "<group>"; };
		582D30A12C1DBCD300CE4044 /* CounterTests.xctest */ = {isa = PBXFileReference; explicitFileType = wrapper.cfbundle; includeInIndex = 0; path = CounterTests.xctest; sourceTree = BUILT_PRODUCTS_DIR; };
		582D30A52C1DBCD300CE4044 /* CounterTests.swift */ = {isa = PBXFileReference; lastKnownFileType = sourcecode.swift; path = CounterTests.swift; sourceTree = "<group>"; };
		582D30AB2C1DBCD300CE4044 /* CounterUITests.xctest */ = {isa = PBXFileReference; explicitFileType = wrapper.cfbundle; includeInIndex = 0; path = CounterUITests.xctest; sourceTree = BUILT_PRODUCTS_DIR; };
		582D30AF2C1DBCD300CE4044 /* CounterUITests.swift */ = {isa = PBXFileReference; lastKnownFileType = sourcecode.swift; path = CounterUITests.swift; sourceTree = "<group>"; };
		582D30B12C1DBCD300CE4044 /* CounterUITestsLaunchTests.swift */ = {isa = PBXFileReference; lastKnownFileType = sourcecode.swift; path = CounterUITestsLaunchTests.swift; sourceTree = "<group>"; };
/* End PBXFileReference section */

/* Begin PBXFrameworksBuildPhase section */
		582D30882C1DBCD100CE4044 /* Frameworks */ = {
			isa = PBXFrameworksBuildPhase;
			buildActionMask = 2147483647;
			files = (
			);
			runOnlyForDeploymentPostprocessing = 0;
		};
		582D309E2C1DBCD300CE4044 /* Frameworks */ = {
			isa = PBXFrameworksBuildPhase;
			buildActionMask = 2147483647;
			files = (
			);
			runOnlyForDeploymentPostprocessing = 0;
		};
		582D30A82C1DBCD300CE4044 /* Frameworks */ = {
			isa = PBXFrameworksBuildPhase;
			buildActionMask = 2147483647;
			files = (
			);
			runOnlyForDeploymentPostprocessing = 0;
		};
/* End PBXFrameworksBuildPhase section */

/* Begin PBXGroup section */
		582D30822C1DBCD100CE4044 = {
			isa = PBXGroup;
			children = (
				582D308D2C1DBCD100CE4044 /* Counter */,
				582D30A42C1DBCD300CE4044 /* CounterTests */,
				582D30AE2C1DBCD300CE4044 /* CounterUITests */,
				582D308C2C1DBCD100CE4044 /* Products */,
			);
			sourceTree = "<group>";
		};
		582D308C2C1DBCD100CE4044 /* Products */ = {
			isa = PBXGroup;
			children = (
				582D308B2C1DBCD100CE4044 /* Counter.app */,
				582D30A12C1DBCD300CE4044 /* CounterTests.xctest */,
				582D30AB2C1DBCD300CE4044 /* CounterUITests.xctest */,
			);
			name = Products;
			sourceTree = "<group>";
		};
		582D308D2C1DBCD100CE4044 /* Counter */ = {
			isa = PBXGroup;
			children = (
				582D308E2C1DBCD100CE4044 /* AppDelegate.swift */,
				582D30902C1DBCD100CE4044 /* SceneDelegate.swift */,
				582D30922C1DBCD100CE4044 /* ViewController.swift */,
				582D30942C1DBCD100CE4044 /* Main.storyboard */,
				582D30972C1DBCD300CE4044 /* Assets.xcassets */,
				582D30992C1DBCD300CE4044 /* LaunchScreen.storyboard */,
				582D309C2C1DBCD300CE4044 /* Info.plist */,
			);
			path = Counter;
			sourceTree = "<group>";
		};
		582D30A42C1DBCD300CE4044 /* CounterTests */ = {
			isa = PBXGroup;
			children = (
				582D30A52C1DBCD300CE4044 /* CounterTests.swift */,
			);
			path = CounterTests;
			sourceTree = "<group>";
		};
		582D30AE2C1DBCD300CE4044 /* CounterUITests */ = {
			isa = PBXGroup;
			children = (
				582D30AF2C1DBCD300CE4044 /* CounterUITests.swift */,
				582D30B12C1DBCD300CE4044 /* CounterUITestsLaunchTests.swift */,
			);
			path = CounterUITests;
			sourceTree = "<group>";
		};
/* End PBXGroup section */

/* Begin PBXNativeTarget section */
		582D308A2C1DBCD100CE4044 /* Counter */ = {
			isa = PBXNativeTarget;
			buildConfigurationList = 582D30B52C1DBCD300CE4044 /* Build configuration list for PBXNativeTarget "Counter" */;
			buildPhases = (
				582D30872C1DBCD100CE4044 /* Sources */,
				582D30882C1DBCD100CE4044 /* Frameworks */,
				582D30892C1DBCD100CE4044 /* Resources */,
			);
			buildRules = (
			);
			dependencies = (
			);
			name = Counter;
			productName = Counter;
			productReference = 582D308B2C1DBCD100CE4044 /* Counter.app */;
			productType = "com.apple.product-type.application";
		};
		582D30A02C1DBCD300CE4044 /* CounterTests */ = {
			isa = PBXNativeTarget;
			buildConfigurationList = 582D30B82C1DBCD300CE4044 /* Build configuration list for PBXNativeTarget "CounterTests" */;
			buildPhases = (
				582D309D2C1DBCD300CE4044 /* Sources */,
				582D309E2C1DBCD300CE4044 /* Frameworks */,
				582D309F2C1DBCD300CE4044 /* Resources */,
			);
			buildRules = (
			);
			dependencies = (
				582D30A32C1DBCD300CE4044 /* PBXTargetDependency */,
			);
			name = CounterTests;
			productName = CounterTests;
			productReference = 582D30A12C1DBCD300CE4044 /* CounterTests.xctest */;
			productType = "com.apple.product-type.bundle.unit-test";
		};
		582D30AA2C1DBCD300CE4044 /* CounterUITests */ = {
			isa = PBXNativeTarget;
			buildConfigurationList = 582D30BB2C1DBCD300CE4044 /* Build configuration list for PBXNativeTarget "CounterUITests" */;
			buildPhases = (
				582D30A72C1DBCD300CE4044 /* Sources */,
				582D30A82C1DBCD300CE4044 /* Frameworks */,
				582D30A92C1DBCD300CE4044 /* Resources */,
			);
			buildRules = (
			);
			dependencies = (
				582D30AD2C1DBCD300CE4044 /* PBXTargetDependency */,
			);
			name = CounterUITests;
			productName = CounterUITests;
			productReference = 582D30AB2C1DBCD300CE4044 /* CounterUITests.xctest */;
			productType = "com.apple.product-type.bundle.ui-testing";
		};
/* End PBXNativeTarget section */

/* Begin PBXProject section */
		582D30832C1DBCD100CE4044 /* Project object */ = {
			isa = PBXProject;
			attributes = {
				BuildIndependentTargetsInParallel = 1;
				LastSwiftUpdateCheck = 1540;
				LastUpgradeCheck = 1540;
				TargetAttributes = {
					582D308A2C1DBCD100CE4044 = {
						CreatedOnToolsVersion = 15.4;
					};
					582D30A02C1DBCD300CE4044 = {
						CreatedOnToolsVersion = 15.4;
						TestTargetID = 582D308A2C1DBCD100CE4044;
					};
					582D30AA2C1DBCD300CE4044 = {
						CreatedOnToolsVersion = 15.4;
						TestTargetID = 582D308A2C1DBCD100CE4044;
					};
				};
			};
			buildConfigurationList = 582D30862C1DBCD100CE4044 /* Build configuration list for PBXProject "Counter" */;
			compatibilityVersion = "Xcode 14.0";
			developmentRegion = en;
			hasScannedForEncodings = 0;
			knownRegions = (
				en,
				Base,
			);
			mainGroup = 582D30822C1DBCD100CE4044;
			productRefGroup = 582D308C2C1DBCD100CE4044 /* Products */;
			projectDirPath = "";
			projectRoot = "";
			targets = (
				582D308A2C1DBCD100CE4044 /* Counter */,
				582D30A02C1DBCD300CE4044 /* CounterTests */,
				582D30AA2C1DBCD300CE4044 /* CounterUITests */,
			);
		};
/* End PBXProject section */

/* Begin PBXResourcesBuildPhase section */
		582D30892C1DBCD100CE4044 /* Resources */ = {
			isa = PBXResourcesBuildPhase;
			buildActionMask = 2147483647;
			files = (
				582D30982C1DBCD300CE4044 /* Assets.xcassets in Resources */,
				582D309B2C1DBCD300CE4044 /* Base in Resources */,
				582D30962C1DBCD100CE4044 /* Base in Resources */,
			);
			runOnlyForDeploymentPostprocessing = 0;
		};
		582D309F2C1DBCD300CE4044 /* Resources */ = {
			isa = PBXResourcesBuildPhase;
			buildActionMask = 2147483647;
			files = (
			);
			runOnlyForDeploymentPostprocessing = 0;
		};
		582D30A92C1DBCD300CE4044 /* Resources */ = {
			isa = PBXResourcesBuildPhase;
			buildActionMask = 2147483647;
			files = (
			);
			runOnlyForDeploymentPostprocessing = 0;
		};
/* End PBXResourcesBuildPhase section */

/* Begin PBXSourcesBuildPhase section */
		582D30872C1DBCD100CE4044 /* Sources */ = {
			isa = PBXSourcesBuildPhase;
			buildActionMask = 2147483647;
			files = (
				582D30932C1DBCD100CE4044 /* ViewController.swift in Sources */,
				582D308F2C1DBCD100CE4044 /* AppDelegate.swift in Sources */,
				582D30912C1DBCD100CE4044 /* SceneDelegate.swift in Sources */,
			);
			runOnlyForDeploymentPostprocessing = 0;
		};
		582D309D2C1DBCD300CE4044 /* Sources */ = {
			isa = PBXSourcesBuildPhase;
			buildActionMask = 2147483647;
			files = (
				582D30A62C1DBCD300CE4044 /* CounterTests.swift in Sources */,
			);
			runOnlyForDeploymentPostprocessing = 0;
		};
		582D30A72C1DBCD300CE4044 /* Sources */ = {
			isa = PBXSourcesBuildPhase;
			buildActionMask = 2147483647;
			files = (
				582D30B02C1DBCD300CE4044 /* CounterUITests.swift in Sources */,
				582D30B22C1DBCD300CE4044 /* CounterUITestsLaunchTests.swift in Sources */,
			);
			runOnlyForDeploymentPostprocessing = 0;
		};
/* End PBXSourcesBuildPhase section */

/* Begin PBXTargetDependency section */
		582D30A32C1DBCD300CE4044 /* PBXTargetDependency */ = {
			isa = PBXTargetDependency;
			target = 582D308A2C1DBCD100CE4044 /* Counter */;
			targetProxy = 582D30A22C1DBCD300CE4044 /* PBXContainerItemProxy */;
		};
		582D30AD2C1DBCD300CE4044 /* PBXTargetDependency */ = {
			isa = PBXTargetDependency;
			target = 582D308A2C1DBCD100CE4044 /* Counter */;
			targetProxy = 582D30AC2C1DBCD300CE4044 /* PBXContainerItemProxy */;
		};
/* End PBXTargetDependency section */

/* Begin PBXVariantGroup section */
		582D30942C1DBCD100CE4044 /* Main.storyboard */ = {
			isa = PBXVariantGroup;
			children = (
				582D30952C1DBCD100CE4044 /* Base */,
			);
			name = Main.storyboard;
			sourceTree = "<group>";
		};
		582D30992C1DBCD300CE4044 /* LaunchScreen.storyboard */ = {
			isa = PBXVariantGroup;
			children = (
				582D309A2C1DBCD300CE4044 /* Base */,
			);
			name = LaunchScreen.storyboard;
			sourceTree = "<group>";
		};
/* End PBXVariantGroup section */

/* Begin XCBuildConfiguration section */
		582D30B32C1DBCD300CE4044 /* Debug */ = {
			isa = XCBuildConfiguration;
			buildSettings = {
				ALWAYS_SEARCH_USER_PATHS = NO;
				ASSETCATALOG_COMPILER_GENERATE_SWIFT_ASSET_SYMBOL_EXTENSIONS = YES;
				CLANG_ANALYZER_NONNULL = YES;
				CLANG_ANALYZER_NUMBER_OBJECT_CONVERSION = YES_AGGRESSIVE;
				CLANG_CXX_LANGUAGE_STANDARD = "gnu++20";
				CLANG_ENABLE_MODULES = YES;
				CLANG_ENABLE_OBJC_ARC = YES;
				CLANG_ENABLE_OBJC_WEAK = YES;
				CLANG_WARN_BLOCK_CAPTURE_AUTORELEASING = YES;
				CLANG_WARN_BOOL_CONVERSION = YES;
				CLANG_WARN_COMMA = YES;
				CLANG_WARN_CONSTANT_CONVERSION = YES;
				CLANG_WARN_DEPRECATED_OBJC_IMPLEMENTATIONS = YES;
				CLANG_WARN_DIRECT_OBJC_ISA_USAGE = YES_ERROR;
				CLANG_WARN_DOCUMENTATION_COMMENTS = YES;
				CLANG_WARN_EMPTY_BODY = YES;
				CLANG_WARN_ENUM_CONVERSION = YES;
				CLANG_WARN_INFINITE_RECURSION = YES;
				CLANG_WARN_INT_CONVERSION = YES;
				CLANG_WARN_NON_LITERAL_NULL_CONVERSION = YES;
				CLANG_WARN_OBJC_IMPLICIT_RETAIN_SELF = YES;
				CLANG_WARN_OBJC_LITERAL_CONVERSION = YES;
				CLANG_WARN_OBJC_ROOT_CLASS = YES_ERROR;
				CLANG_WARN_QUOTED_INCLUDE_IN_FRAMEWORK_HEADER = YES;
				CLANG_WARN_RANGE_LOOP_ANALYSIS = YES;
				CLANG_WARN_STRICT_PROTOTYPES = YES;
				CLANG_WARN_SUSPICIOUS_MOVE = YES;
				CLANG_WARN_UNGUARDED_AVAILABILITY = YES_AGGRESSIVE;
				CLANG_WARN_UNREACHABLE_CODE = YES;
				CLANG_WARN__DUPLICATE_METHOD_MATCH = YES;
				COPY_PHASE_STRIP = NO;
				DEBUG_INFORMATION_FORMAT = dwarf;
				ENABLE_STRICT_OBJC_MSGSEND = YES;
				ENABLE_TESTABILITY = YES;
				ENABLE_USER_SCRIPT_SANDBOXING = YES;
				GCC_C_LANGUAGE_STANDARD = gnu17;
				GCC_DYNAMIC_NO_PIC = NO;
				GCC_NO_COMMON_BLOCKS = YES;
				GCC_OPTIMIZATION_LEVEL = 0;
				GCC_PREPROCESSOR_DEFINITIONS = (
					"DEBUG=1",
					"$(inherited)",
				);
				GCC_WARN_64_TO_32_BIT_CONVERSION = YES;
				GCC_WARN_ABOUT_RETURN_TYPE = YES_ERROR;
				GCC_WARN_UNDECLARED_SELECTOR = YES;
				GCC_WARN_UNINITIALIZED_AUTOS = YES_AGGRESSIVE;
				GCC_WARN_UNUSED_FUNCTION = YES;
				GCC_WARN_UNUSED_VARIABLE = YES;
				IPHONEOS_DEPLOYMENT_TARGET = 17.5;
				LOCALIZATION_PREFERS_STRING_CATALOGS = YES;
				MTL_ENABLE_DEBUG_INFO = INCLUDE_SOURCE;
				MTL_FAST_MATH = YES;
				ONLY_ACTIVE_ARCH = YES;
				SDKROOT = iphoneos;
				SWIFT_ACTIVE_COMPILATION_CONDITIONS = "DEBUG $(inherited)";
				SWIFT_OPTIMIZATION_LEVEL = "-Onone";
			};
			name = Debug;
		};
		582D30B42C1DBCD300CE4044 /* Release */ = {
			isa = XCBuildConfiguration;
			buildSettings = {
				ALWAYS_SEARCH_USER_PATHS = NO;
				ASSETCATALOG_COMPILER_GENERATE_SWIFT_ASSET_SYMBOL_EXTENSIONS = YES;
				CLANG_ANALYZER_NONNULL = YES;
				CLANG_ANALYZER_NUMBER_OBJECT_CONVERSION = YES_AGGRESSIVE;
				CLANG_CXX_LANGUAGE_STANDARD = "gnu++20";
				CLANG_ENABLE_MODULES = YES;
				CLANG_ENABLE_OBJC_ARC = YES;
				CLANG_ENABLE_OBJC_WEAK = YES;
				CLANG_WARN_BLOCK_CAPTURE_AUTORELEASING = YES;
				CLANG_WARN_BOOL_CONVERSION = YES;
				CLANG_WARN_COMMA = YES;
				CLANG_WARN_CONSTANT_CONVERSION = YES;
				CLANG_WARN_DEPRECATED_OBJC_IMPLEMENTATIONS = YES;
				CLANG_WARN_DIRECT_OBJC_ISA_USAGE = YES_ERROR;
				CLANG_WARN_DOCUMENTATION_COMMENTS = YES;
				CLANG_WARN_EMPTY_BODY = YES;
				CLANG_WARN_ENUM_CONVERSION = YES;
				CLANG_WARN_INFINITE_RECURSION = YES;
				CLANG_WARN_INT_CONVERSION = YES;
				CLANG_WARN_NON_LITERAL_NULL_CONVERSION = YES;
				CLANG_WARN_OBJC_IMPLICIT_RETAIN_SELF = YES;
				CLANG_WARN_OBJC_LITERAL_CONVERSION = YES;
				CLANG_WARN_OBJC_ROOT_CLASS = YES_ERROR;
				CLANG_WARN_QUOTED_INCLUDE_IN_FRAMEWORK_HEADER = YES;
				CLANG_WARN_RANGE_LOOP_ANALYSIS = YES;
				CLANG_WARN_STRICT_PROTOTYPES = YES;
				CLANG_WARN_SUSPICIOUS_MOVE = YES;
				CLANG_WARN_UNGUARDED_AVAILABILITY = YES_AGGRESSIVE;
				CLANG_WARN_UNREACHABLE_CODE = YES;
				CLANG_WARN__DUPLICATE_METHOD_MATCH = YES;
				COPY_PHASE_STRIP = NO;
				DEBUG_INFORMATION_FORMAT = "dwarf-with-dsym";
				ENABLE_NS_ASSERTIONS = NO;
				ENABLE_STRICT_OBJC_MSGSEND = YES;
				ENABLE_USER_SCRIPT_SANDBOXING = YES;
				GCC_C_LANGUAGE_STANDARD = gnu17;
				GCC_NO_COMMON_BLOCKS = YES;
				GCC_WARN_64_TO_32_BIT_CONVERSION = YES;
				GCC_WARN_ABOUT_RETURN_TYPE = YES_ERROR;
				GCC_WARN_UNDECLARED_SELECTOR = YES;
				GCC_WARN_UNINITIALIZED_AUTOS = YES_AGGRESSIVE;
				GCC_WARN_UNUSED_FUNCTION = YES;
				GCC_WARN_UNUSED_VARIABLE = YES;
				IPHONEOS_DEPLOYMENT_TARGET = 17.5;
				LOCALIZATION_PREFERS_STRING_CATALOGS = YES;
				MTL_ENABLE_DEBUG_INFO = NO;
				MTL_FAST_MATH = YES;
				SDKROOT = iphoneos;
				SWIFT_COMPILATION_MODE = wholemodule;
				VALIDATE_PRODUCT = YES;
			};
			name = Release;
		};
		582D30B62C1DBCD300CE4044 /* Debug */ = {
			isa = XCBuildConfiguration;
			buildSettings = {
				ASSETCATALOG_COMPILER_APPICON_NAME = AppIcon;
				ASSETCATALOG_COMPILER_GLOBAL_ACCENT_COLOR_NAME = AccentColor;
				CODE_SIGN_STYLE = Automatic;
				CURRENT_PROJECT_VERSION = 1;
				DEVELOPMENT_TEAM = CA34KJ8L94;
				GENERATE_INFOPLIST_FILE = YES;
				INFOPLIST_FILE = Counter/Info.plist;
				INFOPLIST_KEY_UIApplicationSupportsIndirectInputEvents = YES;
				INFOPLIST_KEY_UILaunchStoryboardName = LaunchScreen;
				INFOPLIST_KEY_UIMainStoryboardFile = Main;
				INFOPLIST_KEY_UISupportedInterfaceOrientations_iPad = "UIInterfaceOrientationPortrait UIInterfaceOrientationPortraitUpsideDown UIInterfaceOrientationLandscapeLeft UIInterfaceOrientationLandscapeRight";
				INFOPLIST_KEY_UISupportedInterfaceOrientations_iPhone = "UIInterfaceOrientationPortrait UIInterfaceOrientationLandscapeLeft UIInterfaceOrientationLandscapeRight";
				LD_RUNPATH_SEARCH_PATHS = (
					"$(inherited)",
					"@executable_path/Frameworks",
				);
				MARKETING_VERSION = 1.0;
				PRODUCT_BUNDLE_IDENTIFIER = NewID.Counter;
				PRODUCT_NAME = "$(TARGET_NAME)";
				SWIFT_EMIT_LOC_STRINGS = YES;
				SWIFT_VERSION = 5.0;
				TARGETED_DEVICE_FAMILY = "1,2";
			};
			name = Debug;
		};
		582D30B72C1DBCD300CE4044 /* Release */ = {
			isa = XCBuildConfiguration;
			buildSettings = {
				ASSETCATALOG_COMPILER_APPICON_NAME = AppIcon;
				ASSETCATALOG_COMPILER_GLOBAL_ACCENT_COLOR_NAME = AccentColor;
				CODE_SIGN_STYLE = Automatic;
				CURRENT_PROJECT_VERSION = 1;
				DEVELOPMENT_TEAM = CA34KJ8L94;
				GENERATE_INFOPLIST_FILE = YES;
				INFOPLIST_FILE = Counter/Info.plist;
				INFOPLIST_KEY_UIApplicationSupportsIndirectInputEvents = YES;
				INFOPLIST_KEY_UILaunchStoryboardName = LaunchScreen;
				INFOPLIST_KEY_UIMainStoryboardFile = Main;
				INFOPLIST_KEY_UISupportedInterfaceOrientations_iPad = "UIInterfaceOrientationPortrait UIInterfaceOrientationPortraitUpsideDown UIInterfaceOrientationLandscapeLeft UIInterfaceOrientationLandscapeRight";
				INFOPLIST_KEY_UISupportedInterfaceOrientations_iPhone = "UIInterfaceOrientationPortrait UIInterfaceOrientationLandscapeLeft UIInterfaceOrientationLandscapeRight";
				LD_RUNPATH_SEARCH_PATHS = (
					"$(inherited)",
					"@executable_path/Frameworks",
				);
				MARKETING_VERSION = 1.0;
				PRODUCT_BUNDLE_IDENTIFIER = NewID.Counter;
				PRODUCT_NAME = "$(TARGET_NAME)";
				SWIFT_EMIT_LOC_STRINGS = YES;
				SWIFT_VERSION = 5.0;
				TARGETED_DEVICE_FAMILY = "1,2";
			};
			name = Release;
		};
		582D30B92C1DBCD300CE4044 /* Debug */ = {
			isa = XCBuildConfiguration;
			buildSettings = {
				ALWAYS_EMBED_SWIFT_STANDARD_LIBRARIES = YES;
				BUNDLE_LOADER = "$(TEST_HOST)";
				CODE_SIGN_STYLE = Automatic;
				CURRENT_PROJECT_VERSION = 1;
				DEVELOPMENT_TEAM = CA34KJ8L94;
				GENERATE_INFOPLIST_FILE = YES;
				IPHONEOS_DEPLOYMENT_TARGET = 17.5;
				MARKETING_VERSION = 1.0;
				PRODUCT_BUNDLE_IDENTIFIER = NewID.CounterTests;
				PRODUCT_NAME = "$(TARGET_NAME)";
				SWIFT_EMIT_LOC_STRINGS = NO;
				SWIFT_VERSION = 5.0;
				TARGETED_DEVICE_FAMILY = "1,2";
				TEST_HOST = "$(BUILT_PRODUCTS_DIR)/Counter.app/$(BUNDLE_EXECUTABLE_FOLDER_PATH)/Counter";
			};
			name = Debug;
		};
		582D30BA2C1DBCD300CE4044 /* Release */ = {
			isa = XCBuildConfiguration;
			buildSettings = {
				ALWAYS_EMBED_SWIFT_STANDARD_LIBRARIES = YES;
				BUNDLE_LOADER = "$(TEST_HOST)";
				CODE_SIGN_STYLE = Automatic;
				CURRENT_PROJECT_VERSION = 1;
				DEVELOPMENT_TEAM = CA34KJ8L94;
				GENERATE_INFOPLIST_FILE = YES;
				IPHONEOS_DEPLOYMENT_TARGET = 17.5;
				MARKETING_VERSION = 1.0;
				PRODUCT_BUNDLE_IDENTIFIER = NewID.CounterTests;
				PRODUCT_NAME = "$(TARGET_NAME)";
				SWIFT_EMIT_LOC_STRINGS = NO;
				SWIFT_VERSION = 5.0;
				TARGETED_DEVICE_FAMILY = "1,2";
				TEST_HOST = "$(BUILT_PRODUCTS_DIR)/Counter.app/$(BUNDLE_EXECUTABLE_FOLDER_PATH)/Counter";
			};
			name = Release;
		};
		582D30BC2C1DBCD300CE4044 /* Debug */ = {
			isa = XCBuildConfiguration;
			buildSettings = {
				ALWAYS_EMBED_SWIFT_STANDARD_LIBRARIES = YES;
				CODE_SIGN_STYLE = Automatic;
				CURRENT_PROJECT_VERSION = 1;
				DEVELOPMENT_TEAM = CA34KJ8L94;
				GENERATE_INFOPLIST_FILE = YES;
				MARKETING_VERSION = 1.0;
				PRODUCT_BUNDLE_IDENTIFIER = NewID.CounterUITests;
				PRODUCT_NAME = "$(TARGET_NAME)";
				SWIFT_EMIT_LOC_STRINGS = NO;
				SWIFT_VERSION = 5.0;
				TARGETED_DEVICE_FAMILY = "1,2";
				TEST_TARGET_NAME = Counter;
			};
			name = Debug;
		};
		582D30BD2C1DBCD300CE4044 /* Release */ = {
			isa = XCBuildConfiguration;
			buildSettings = {
				ALWAYS_EMBED_SWIFT_STANDARD_LIBRARIES = YES;
				CODE_SIGN_STYLE = Automatic;
				CURRENT_PROJECT_VERSION = 1;
				DEVELOPMENT_TEAM = CA34KJ8L94;
				GENERATE_INFOPLIST_FILE = YES;
				MARKETING_VERSION = 1.0;
				PRODUCT_BUNDLE_IDENTIFIER = NewID.CounterUITests;
				PRODUCT_NAME = "$(TARGET_NAME)";
				SWIFT_EMIT_LOC_STRINGS = NO;
				SWIFT_VERSION = 5.0;
				TARGETED_DEVICE_FAMILY = "1,2";
				TEST_TARGET_NAME = Counter;
			};
			name = Release;
		};
/* End XCBuildConfiguration section */

/* Begin XCConfigurationList section */
		582D30862C1DBCD100CE4044 /* Build configuration list for PBXProject "Counter" */ = {
			isa = XCConfigurationList;
			buildConfigurations = (
				582D30B32C1DBCD300CE4044 /* Debug */,
				582D30B42C1DBCD300CE4044 /* Release */,
			);
			defaultConfigurationIsVisible = 0;
			defaultConfigurationName = Release;
		};
		582D30B52C1DBCD300CE4044 /* Build configuration list for PBXNativeTarget "Counter" */ = {
			isa = XCConfigurationList;
			buildConfigurations = (
				582D30B62C1DBCD300CE4044 /* Debug */,
				582D30B72C1DBCD300CE4044 /* Release */,
			);
			defaultConfigurationIsVisible = 0;
			defaultConfigurationName = Release;
		};
		582D30B82C1DBCD300CE4044 /* Build configuration list for PBXNativeTarget "CounterTests" */ = {
			isa = XCConfigurationList;
			buildConfigurations = (
				582D30B92C1DBCD300CE4044 /* Debug */,
				582D30BA2C1DBCD300CE4044 /* Release */,
			);
			defaultConfigurationIsVisible = 0;
			defaultConfigurationName = Release;
		};
		582D30BB2C1DBCD300CE4044 /* Build configuration list for PBXNativeTarget "CounterUITests" */ = {
			isa = XCConfigurationList;
			buildConfigurations = (
				582D30BC2C1DBCD300CE4044 /* Debug */,
				582D30BD2C1DBCD300CE4044 /* Release */,
			);
			defaultConfigurationIsVisible = 0;
			defaultConfigurationName = Release;
		};
/* End XCConfigurationList section */
	};
	rootObject = 582D30832C1DBCD100CE4044 /* Project object */;
}
